
Microsoft Visual Studio Solution File, Format Version 12.00
# Visual Studio Version 17
VisualStudioVersion = 17.7.34221.43
MinimumVisualStudioVersion = 10.0.40219.1
Project("{FAE04EC0-301F-11D3-BF4B-00C04F79EFBC}") = "ConAppstudentdata", "Project2\ConAppstudentdata.csproj", "{2B1B64B5-B79C-4A7A-8355-28584B3334AC}"
EndProject
Global
	GlobalSection(SolutionConfigurationPlatforms) = preSolution
		Debug|Any CPU = Debug|Any CPU
		Release|Any CPU = Release|Any CPU
	EndGlobalSection
	GlobalSection(ProjectConfigurationPlatforms) = postSolution
		{2B1B64B5-B79C-4A7A-8355-28584B3334AC}.Debug|Any CPU.ActiveCfg = Debug|Any CPU
		{2B1B64B5-B79C-4A7A-8355-28584B3334AC}.Debug|Any CPU.Build.0 = Debug|Any CPU
		{2B1B64B5-B79C-4A7A-8355-28584B3334AC}.Release|Any CPU.ActiveCfg = Release|Any CPU
		{2B1B64B5-B79C-4A7A-8355-28584B3334AC}.Release|Any CPU.Build.0 = Release|Any CPU
	EndGlobalSection
	GlobalSection(SolutionProperties) = preSolution
		HideSolutionNode = FALSE
	EndGlobalSection
	GlobalSection(ExtensibilityGlobals) = postSolution
		SolutionGuid = {C255D427-5DC5-41F6-B629-384C491448A7}
	EndGlobalSection
EndGlobal
